
Microsoft Visual Studio Solution File, Format Version 12.00
# Visual Studio Version 17
VisualStudioVersion = 17.5.33414.496
MinimumVisualStudioVersion = 10.0.40219.1
Project("{FAE04EC0-301F-11D3-BF4B-00C04F79EFBC}") = "CallStackExceptionHandlingLib", "CallStackExceptionHandlingLib\CallStackExceptionHandlingLib.csproj", "{63605D2E-7F98-42E8-8455-EAB6303583FF}"
EndProject
Global
	GlobalSection(SolutionConfigurationPlatforms) = preSolution
		Debug|Any CPU = Debug|Any CPU
		Release|Any CPU = Release|Any CPU
	EndGlobalSection
	GlobalSection(ProjectConfigurationPlatforms) = postSolution
		{63605D2E-7F98-42E8-8455-EAB6303583FF}.Debug|Any CPU.ActiveCfg = Debug|Any CPU
		{63605D2E-7F98-42E8-8455-EAB6303583FF}.Debug|Any CPU.Build.0 = Debug|Any CPU
		{63605D2E-7F98-42E8-8455-EAB6303583FF}.Release|Any CPU.ActiveCfg = Release|Any CPU
		{63605D2E-7F98-42E8-8455-EAB6303583FF}.Release|Any CPU.Build.0 = Release|Any CPU
	EndGlobalSection
	GlobalSection(SolutionProperties) = preSolution
		HideSolutionNode = FALSE
	EndGlobalSection
	GlobalSection(ExtensibilityGlobals) = postSolution
		SolutionGuid = {16B2F30B-6662-4C1B-9574-17F1127E393A}
	EndGlobalSection
EndGlobal
