
Microsoft Visual Studio Solution File, Format Version 12.00
# Visual Studio Version 17
VisualStudioVersion = 17.5.33414.496
MinimumVisualStudioVersion = 10.0.40219.1
Project("{FAE04EC0-301F-11D3-BF4B-00C04F79EFBC}") = "PrimeFactorsTests", "PrimeFactorsTests\PrimeFactorsTests.csproj", "{FDB1FDE8-46C6-4BA4-BAA8-09637BCF30BC}"
EndProject
Global
	GlobalSection(SolutionConfigurationPlatforms) = preSolution
		Debug|Any CPU = Debug|Any CPU
		Release|Any CPU = Release|Any CPU
	EndGlobalSection
	GlobalSection(ProjectConfigurationPlatforms) = postSolution
		{FDB1FDE8-46C6-4BA4-BAA8-09637BCF30BC}.Debug|Any CPU.ActiveCfg = Debug|Any CPU
		{FDB1FDE8-46C6-4BA4-BAA8-09637BCF30BC}.Debug|Any CPU.Build.0 = Debug|Any CPU
		{FDB1FDE8-46C6-4BA4-BAA8-09637BCF30BC}.Release|Any CPU.ActiveCfg = Release|Any CPU
		{FDB1FDE8-46C6-4BA4-BAA8-09637BCF30BC}.Release|Any CPU.Build.0 = Release|Any CPU
	EndGlobalSection
	GlobalSection(SolutionProperties) = preSolution
		HideSolutionNode = FALSE
	EndGlobalSection
	GlobalSection(ExtensibilityGlobals) = postSolution
		SolutionGuid = {C95F287D-B4FE-4D6A-BCCD-B6AB18F08D1D}
	EndGlobalSection
EndGlobal
