
Microsoft Visual Studio Solution File, Format Version 12.00
# Visual Studio Version 17
VisualStudioVersion = 17.5.33414.496
MinimumVisualStudioVersion = 10.0.40219.1
Project("{FAE04EC0-301F-11D3-BF4B-00C04F79EFBC}") = "PeopleApp", "PeopleApp\PeopleApp.csproj", "{6C2FC63F-8C20-48C0-B069-651406E28CCF}"
EndProject
Global
	GlobalSection(SolutionConfigurationPlatforms) = preSolution
		Debug|Any CPU = Debug|Any CPU
		Release|Any CPU = Release|Any CPU
	EndGlobalSection
	GlobalSection(ProjectConfigurationPlatforms) = postSolution
		{6C2FC63F-8C20-48C0-B069-651406E28CCF}.Debug|Any CPU.ActiveCfg = Debug|Any CPU
		{6C2FC63F-8C20-48C0-B069-651406E28CCF}.Debug|Any CPU.Build.0 = Debug|Any CPU
		{6C2FC63F-8C20-48C0-B069-651406E28CCF}.Release|Any CPU.ActiveCfg = Release|Any CPU
		{6C2FC63F-8C20-48C0-B069-651406E28CCF}.Release|Any CPU.Build.0 = Release|Any CPU
	EndGlobalSection
	GlobalSection(SolutionProperties) = preSolution
		HideSolutionNode = FALSE
	EndGlobalSection
	GlobalSection(ExtensibilityGlobals) = postSolution
		SolutionGuid = {34F53D48-8038-4DB3-89AD-6B5EF6C1629C}
	EndGlobalSection
EndGlobal
