
Microsoft Visual Studio Solution File, Format Version 12.00
# Visual Studio Version 17
VisualStudioVersion = 17.5.33414.496
MinimumVisualStudioVersion = 10.0.40219.1
Project("{FAE04EC0-301F-11D3-BF4B-00C04F79EFBC}") = "CalculatorLib", "CalculatorLib\CalculatorLib.csproj", "{ACF20B99-73F9-4776-8BFE-48AD777E1712}"
EndProject
Global
	GlobalSection(SolutionConfigurationPlatforms) = preSolution
		Debug|Any CPU = Debug|Any CPU
		Release|Any CPU = Release|Any CPU
	EndGlobalSection
	GlobalSection(ProjectConfigurationPlatforms) = postSolution
		{ACF20B99-73F9-4776-8BFE-48AD777E1712}.Debug|Any CPU.ActiveCfg = Debug|Any CPU
		{ACF20B99-73F9-4776-8BFE-48AD777E1712}.Debug|Any CPU.Build.0 = Debug|Any CPU
		{ACF20B99-73F9-4776-8BFE-48AD777E1712}.Release|Any CPU.ActiveCfg = Release|Any CPU
		{ACF20B99-73F9-4776-8BFE-48AD777E1712}.Release|Any CPU.Build.0 = Release|Any CPU
	EndGlobalSection
	GlobalSection(SolutionProperties) = preSolution
		HideSolutionNode = FALSE
	EndGlobalSection
	GlobalSection(ExtensibilityGlobals) = postSolution
		SolutionGuid = {986E87CA-C199-44EA-9786-B6A2AAD825A9}
	EndGlobalSection
EndGlobal
